<?xml version="1.0" encoding="UTF-8" standalone="yes" ?>
<CodeBlocks_project_file>
	<FileVersion major="1" minor="6" />
	<Project>
		<Option title="Algoritmos" />
		<Option pch_mode="2" />
		<Option compiler="gcc" />
		<Build>
			<Target title="Debug">
				<Option output="bin/Debug/Algoritmos" prefix_auto="1" extension_auto="1" />
				<Option object_output="obj/Debug/" />
				<Option type="1" />
				<Option compiler="gcc" />
				<Compiler>
					<Add option="-g" />
					<Add directory="include" />
				</Compiler>
			</Target>
			<Target title="Release">
				<Option output="bin/Release/Algoritmos" prefix_auto="1" extension_auto="1" />
				<Option object_output="obj/Release/" />
				<Option type="1" />
				<Option compiler="gcc" />
				<Compiler>
					<Add option="-O2" />
					<Add directory="include" />
				</Compiler>
				<Linker>
					<Add option="-s" />
				</Linker>
			</Target>
		</Build>
		<Compiler>
			<Add option="-Wall" />
			<Add option="-fexceptions" />
		</Compiler>
		<Unit filename="include/AlgoritmosVarios.h" />
		<Unit filename="include/Arco.h" />
		<Unit filename="include/ColaPrioridad.h" />
		<Unit filename="include/ConjuntoArcos.h" />
		<Unit filename="include/Dijkstra.h" />
		<Unit filename="include/Floyd.h" />
		<Unit filename="include/Grafo.h" />
		<Unit filename="include/GrafoNoOrientado.h" />
		<Unit filename="include/Kruskal.h" />
		<Unit filename="include/Prim.h" />
		<Unit filename="include/Recorridos.h" />
		<Unit filename="include/UnionFind.h" />
		<Unit filename="main.cpp" />
		<Unit filename="src/AlgoritmosVarios.cpp" />
		<Unit filename="src/Arco.cpp" />
		<Unit filename="src/ColaPrioridad.cpp" />
		<Unit filename="src/ConjuntoArcos.cpp" />
		<Unit filename="src/Dijkstra.cpp" />
		<Unit filename="src/Floyd.cpp" />
		<Unit filename="src/Grafo.cpp" />
		<Unit filename="src/GrafoNoOrientado.cpp" />
		<Unit filename="src/Kruskal.cpp" />
		<Unit filename="src/Prim.cpp" />
		<Unit filename="src/Recorridos.cpp" />
		<Unit filename="src/UnionFind.cpp" />
		<Extensions>
			<code_completion />
			<envvars />
			<debugger />
		</Extensions>
	</Project>
</CodeBlocks_project_file>
